
Microsoft Visual Studio Solution File, Format Version 12.00
# Visual Studio Version 16
VisualStudioVersion = 16.0.30907.101
MinimumVisualStudioVersion = 10.0.40219.1
Project("{9A19103F-16F7-4668-BE54-9A1E7A4F7556}") = "MentalHealth.Server", "MentalHealth\Server\MentalHealth.Server.csproj", "{15F53F8E-3621-480B-BB0C-2A71997C9E2E}"
EndProject
Project("{9A19103F-16F7-4668-BE54-9A1E7A4F7556}") = "MentalHealth.Client", "MentalHealth\Client\MentalHealth.Client.csproj", "{C1C87BD4-8E12-442E-B492-510AF1BB6D05}"
EndProject
Project("{9A19103F-16F7-4668-BE54-9A1E7A4F7556}") = "MentalHealth.Shared", "MentalHealth\Shared\MentalHealth.Shared.csproj", "{D6948947-D911-447B-BA6D-15DE1805526B}"
EndProject
Project("{9A19103F-16F7-4668-BE54-9A1E7A4F7556}") = "MentalHealth", "Shared\MentalHealth\MentalHealth.csproj", "{EE50FBFE-1BC6-486A-809D-61AF6359E0FF}"
EndProject
Project("{FAE04EC0-301F-11D3-BF4B-00C04F79EFBC}") = "MentalHealth.Mobile.UWP", "MentalHealth.Mobile\MentalHealth.Mobile.UWP\MentalHealth.Mobile.UWP.csproj", "{F3660AE3-4E5B-4B8A-8639-6C166331FC62}"
EndProject
Project("{FAE04EC0-301F-11D3-BF4B-00C04F79EFBC}") = "MentalHealth.Mobile.Android", "MentalHealth.Mobile\MentalHealth.Mobile.Android\MentalHealth.Mobile.Android.csproj", "{FDC77BF2-42E7-4F42-8A65-B7D4F6D3205C}"
EndProject
Project("{FAE04EC0-301F-11D3-BF4B-00C04F79EFBC}") = "MentalHealth.Mobile.iOS", "MentalHealth.Mobile\MentalHealth.Mobile.iOS\MentalHealth.Mobile.iOS.csproj", "{67E8FE42-C6E9-444B-97B7-C656CC8CE094}"
EndProject
Project("{9A19103F-16F7-4668-BE54-9A1E7A4F7556}") = "MentalHealth.Mobile", "MentalHealth.Mobile\MentalHealth.Mobile\MentalHealth.Mobile.csproj", "{10282584-7ED4-435F-BDC9-EF53D6210E09}"
EndProject
Global
	GlobalSection(SolutionConfigurationPlatforms) = preSolution
		Debug|Any CPU = Debug|Any CPU
		Debug|ARM = Debug|ARM
		Debug|iPhone = Debug|iPhone
		Debug|iPhoneSimulator = Debug|iPhoneSimulator
		Debug|x64 = Debug|x64
		Debug|x86 = Debug|x86
		Release|Any CPU = Release|Any CPU
		Release|ARM = Release|ARM
		Release|iPhone = Release|iPhone
		Release|iPhoneSimulator = Release|iPhoneSimulator
		Release|x64 = Release|x64
		Release|x86 = Release|x86
	EndGlobalSection
	GlobalSection(ProjectConfigurationPlatforms) = postSolution
		{15F53F8E-3621-480B-BB0C-2A71997C9E2E}.Debug|Any CPU.ActiveCfg = Debug|Any CPU
		{15F53F8E-3621-480B-BB0C-2A71997C9E2E}.Debug|Any CPU.Build.0 = Debug|Any CPU
		{15F53F8E-3621-480B-BB0C-2A71997C9E2E}.Debug|ARM.ActiveCfg = Debug|Any CPU
		{15F53F8E-3621-480B-BB0C-2A71997C9E2E}.Debug|ARM.Build.0 = Debug|Any CPU
		{15F53F8E-3621-480B-BB0C-2A71997C9E2E}.Debug|iPhone.ActiveCfg = Debug|Any CPU
		{15F53F8E-3621-480B-BB0C-2A71997C9E2E}.Debug|iPhone.Build.0 = Debug|Any CPU
		{15F53F8E-3621-480B-BB0C-2A71997C9E2E}.Debug|iPhoneSimulator.ActiveCfg = Debug|Any CPU
		{15F53F8E-3621-480B-BB0C-2A71997C9E2E}.Debug|iPhoneSimulator.Build.0 = Debug|Any CPU
		{15F53F8E-3621-480B-BB0C-2A71997C9E2E}.Debug|x64.ActiveCfg = Debug|Any CPU
		{15F53F8E-3621-480B-BB0C-2A71997C9E2E}.Debug|x64.Build.0 = Debug|Any CPU
		{15F53F8E-3621-480B-BB0C-2A71997C9E2E}.Debug|x86.ActiveCfg = Debug|Any CPU
		{15F53F8E-3621-480B-BB0C-2A71997C9E2E}.Debug|x86.Build.0 = Debug|Any CPU
		{15F53F8E-3621-480B-BB0C-2A71997C9E2E}.Release|Any CPU.ActiveCfg = Release|Any CPU
		{15F53F8E-3621-480B-BB0C-2A71997C9E2E}.Release|Any CPU.Build.0 = Release|Any CPU
		{15F53F8E-3621-480B-BB0C-2A71997C9E2E}.Release|ARM.ActiveCfg = Release|Any CPU
		{15F53F8E-3621-480B-BB0C-2A71997C9E2E}.Release|ARM.Build.0 = Release|Any CPU
		{15F53F8E-3621-480B-BB0C-2A71997C9E2E}.Release|iPhone.ActiveCfg = Release|Any CPU
		{15F53F8E-3621-480B-BB0C-2A71997C9E2E}.Release|iPhone.Build.0 = Release|Any CPU
		{15F53F8E-3621-480B-BB0C-2A71997C9E2E}.Release|iPhoneSimulator.ActiveCfg = Release|Any CPU
		{15F53F8E-3621-480B-BB0C-2A71997C9E2E}.Release|iPhoneSimulator.Build.0 = Release|Any CPU
		{15F53F8E-3621-480B-BB0C-2A71997C9E2E}.Release|x64.ActiveCfg = Release|Any CPU
		{15F53F8E-3621-480B-BB0C-2A71997C9E2E}.Release|x64.Build.0 = Release|Any CPU
		{15F53F8E-3621-480B-BB0C-2A71997C9E2E}.Release|x86.ActiveCfg = Release|Any CPU
		{15F53F8E-3621-480B-BB0C-2A71997C9E2E}.Release|x86.Build.0 = Release|Any CPU
		{C1C87BD4-8E12-442E-B492-510AF1BB6D05}.Debug|Any CPU.ActiveCfg = Debug|Any CPU
		{C1C87BD4-8E12-442E-B492-510AF1BB6D05}.Debug|Any CPU.Build.0 = Debug|Any CPU
		{C1C87BD4-8E12-442E-B492-510AF1BB6D05}.Debug|ARM.ActiveCfg = Debug|Any CPU
		{C1C87BD4-8E12-442E-B492-510AF1BB6D05}.Debug|ARM.Build.0 = Debug|Any CPU
		{C1C87BD4-8E12-442E-B492-510AF1BB6D05}.Debug|iPhone.ActiveCfg = Debug|Any CPU
		{C1C87BD4-8E12-442E-B492-510AF1BB6D05}.Debug|iPhone.Build.0 = Debug|Any CPU
		{C1C87BD4-8E12-442E-B492-510AF1BB6D05}.Debug|iPhoneSimulator.ActiveCfg = Debug|Any CPU
		{C1C87BD4-8E12-442E-B492-510AF1BB6D05}.Debug|iPhoneSimulator.Build.0 = Debug|Any CPU
		{C1C87BD4-8E12-442E-B492-510AF1BB6D05}.Debug|x64.ActiveCfg = Debug|Any CPU
		{C1C87BD4-8E12-442E-B492-510AF1BB6D05}.Debug|x64.Build.0 = Debug|Any CPU
		{C1C87BD4-8E12-442E-B492-510AF1BB6D05}.Debug|x86.ActiveCfg = Debug|Any CPU
		{C1C87BD4-8E12-442E-B492-510AF1BB6D05}.Debug|x86.Build.0 = Debug|Any CPU
		{C1C87BD4-8E12-442E-B492-510AF1BB6D05}.Release|Any CPU.ActiveCfg = Release|Any CPU
		{C1C87BD4-8E12-442E-B492-510AF1BB6D05}.Release|Any CPU.Build.0 = Release|Any CPU
		{C1C87BD4-8E12-442E-B492-510AF1BB6D05}.Release|ARM.ActiveCfg = Release|Any CPU
		{C1C87BD4-8E12-442E-B492-510AF1BB6D05}.Release|ARM.Build.0 = Release|Any CPU
		{C1C87BD4-8E12-442E-B492-510AF1BB6D05}.Release|iPhone.ActiveCfg = Release|Any CPU
		{C1C87BD4-8E12-442E-B492-510AF1BB6D05}.Release|iPhone.Build.0 = Release|Any CPU
		{C1C87BD4-8E12-442E-B492-510AF1BB6D05}.Release|iPhoneSimulator.ActiveCfg = Release|Any CPU
		{C1C87BD4-8E12-442E-B492-510AF1BB6D05}.Release|iPhoneSimulator.Build.0 = Release|Any CPU
		{C1C87BD4-8E12-442E-B492-510AF1BB6D05}.Release|x64.ActiveCfg = Release|Any CPU
		{C1C87BD4-8E12-442E-B492-510AF1BB6D05}.Release|x64.Build.0 = Release|Any CPU
		{C1C87BD4-8E12-442E-B492-510AF1BB6D05}.Release|x86.ActiveCfg = Release|Any CPU
		{C1C87BD4-8E12-442E-B492-510AF1BB6D05}.Release|x86.Build.0 = Release|Any CPU
		{D6948947-D911-447B-BA6D-15DE1805526B}.Debug|Any CPU.ActiveCfg = Debug|Any CPU
		{D6948947-D911-447B-BA6D-15DE1805526B}.Debug|Any CPU.Build.0 = Debug|Any CPU
		{D6948947-D911-447B-BA6D-15DE1805526B}.Debug|ARM.ActiveCfg = Debug|Any CPU
		{D6948947-D911-447B-BA6D-15DE1805526B}.Debug|ARM.Build.0 = Debug|Any CPU
		{D6948947-D911-447B-BA6D-15DE1805526B}.Debug|iPhone.ActiveCfg = Debug|Any CPU
		{D6948947-D911-447B-BA6D-15DE1805526B}.Debug|iPhone.Build.0 = Debug|Any CPU
		{D6948947-D911-447B-BA6D-15DE1805526B}.Debug|iPhoneSimulator.ActiveCfg = Debug|Any CPU
		{D6948947-D911-447B-BA6D-15DE1805526B}.Debug|iPhoneSimulator.Build.0 = Debug|Any CPU
		{D6948947-D911-447B-BA6D-15DE1805526B}.Debug|x64.ActiveCfg = Debug|Any CPU
		{D6948947-D911-447B-BA6D-15DE1805526B}.Debug|x64.Build.0 = Debug|Any CPU
		{D6948947-D911-447B-BA6D-15DE1805526B}.Debug|x86.ActiveCfg = Debug|Any CPU
		{D6948947-D911-447B-BA6D-15DE1805526B}.Debug|x86.Build.0 = Debug|Any CPU
		{D6948947-D911-447B-BA6D-15DE1805526B}.Release|Any CPU.ActiveCfg = Release|Any CPU
		{D6948947-D911-447B-BA6D-15DE1805526B}.Release|Any CPU.Build.0 = Release|Any CPU
		{D6948947-D911-447B-BA6D-15DE1805526B}.Release|ARM.ActiveCfg = Release|Any CPU
		{D6948947-D911-447B-BA6D-15DE1805526B}.Release|ARM.Build.0 = Release|Any CPU
		{D6948947-D911-447B-BA6D-15DE1805526B}.Release|iPhone.ActiveCfg = Release|Any CPU
		{D6948947-D911-447B-BA6D-15DE1805526B}.Release|iPhone.Build.0 = Release|Any CPU
		{D6948947-D911-447B-BA6D-15DE1805526B}.Release|iPhoneSimulator.ActiveCfg = Release|Any CPU
		{D6948947-D911-447B-BA6D-15DE1805526B}.Release|iPhoneSimulator.Build.0 = Release|Any CPU
		{D6948947-D911-447B-BA6D-15DE1805526B}.Release|x64.ActiveCfg = Release|Any CPU
		{D6948947-D911-447B-BA6D-15DE1805526B}.Release|x64.Build.0 = Release|Any CPU
		{D6948947-D911-447B-BA6D-15DE1805526B}.Release|x86.ActiveCfg = Release|Any CPU
		{D6948947-D911-447B-BA6D-15DE1805526B}.Release|x86.Build.0 = Release|Any CPU
		{EE50FBFE-1BC6-486A-809D-61AF6359E0FF}.Debug|Any CPU.ActiveCfg = Debug|Any CPU
		{EE50FBFE-1BC6-486A-809D-61AF6359E0FF}.Debug|Any CPU.Build.0 = Debug|Any CPU
		{EE50FBFE-1BC6-486A-809D-61AF6359E0FF}.Debug|ARM.ActiveCfg = Debug|Any CPU
		{EE50FBFE-1BC6-486A-809D-61AF6359E0FF}.Debug|ARM.Build.0 = Debug|Any CPU
		{EE50FBFE-1BC6-486A-809D-61AF6359E0FF}.Debug|iPhone.ActiveCfg = Debug|Any CPU
		{EE50FBFE-1BC6-486A-809D-61AF6359E0FF}.Debug|iPhone.Build.0 = Debug|Any CPU
		{EE50FBFE-1BC6-486A-809D-61AF6359E0FF}.Debug|iPhoneSimulator.ActiveCfg = Debug|Any CPU
		{EE50FBFE-1BC6-486A-809D-61AF6359E0FF}.Debug|iPhoneSimulator.Build.0 = Debug|Any CPU
		{EE50FBFE-1BC6-486A-809D-61AF6359E0FF}.Debug|x64.ActiveCfg = Debug|Any CPU
		{EE50FBFE-1BC6-486A-809D-61AF6359E0FF}.Debug|x64.Build.0 = Debug|Any CPU
		{EE50FBFE-1BC6-486A-809D-61AF6359E0FF}.Debug|x86.ActiveCfg = Debug|Any CPU
		{EE50FBFE-1BC6-486A-809D-61AF6359E0FF}.Debug|x86.Build.0 = Debug|Any CPU
		{EE50FBFE-1BC6-486A-809D-61AF6359E0FF}.Release|Any CPU.ActiveCfg = Release|Any CPU
		{EE50FBFE-1BC6-486A-809D-61AF6359E0FF}.Release|Any CPU.Build.0 = Release|Any CPU
		{EE50FBFE-1BC6-486A-809D-61AF6359E0FF}.Release|ARM.ActiveCfg = Release|Any CPU
		{EE50FBFE-1BC6-486A-809D-61AF6359E0FF}.Release|ARM.Build.0 = Release|Any CPU
		{EE50FBFE-1BC6-486A-809D-61AF6359E0FF}.Release|iPhone.ActiveCfg = Release|Any CPU
		{EE50FBFE-1BC6-486A-809D-61AF6359E0FF}.Release|iPhone.Build.0 = Release|Any CPU
		{EE50FBFE-1BC6-486A-809D-61AF6359E0FF}.Release|iPhoneSimulator.ActiveCfg = Release|Any CPU
		{EE50FBFE-1BC6-486A-809D-61AF6359E0FF}.Release|iPhoneSimulator.Build.0 = Release|Any CPU
		{EE50FBFE-1BC6-486A-809D-61AF6359E0FF}.Release|x64.ActiveCfg = Release|Any CPU
		{EE50FBFE-1BC6-486A-809D-61AF6359E0FF}.Release|x64.Build.0 = Release|Any CPU
		{EE50FBFE-1BC6-486A-809D-61AF6359E0FF}.Release|x86.ActiveCfg = Release|Any CPU
		{EE50FBFE-1BC6-486A-809D-61AF6359E0FF}.Release|x86.Build.0 = Release|Any CPU
		{F3660AE3-4E5B-4B8A-8639-6C166331FC62}.Debug|Any CPU.ActiveCfg = Debug|x64
		{F3660AE3-4E5B-4B8A-8639-6C166331FC62}.Debug|Any CPU.Build.0 = Debug|x64
		{F3660AE3-4E5B-4B8A-8639-6C166331FC62}.Debug|ARM.ActiveCfg = Debug|ARM
		{F3660AE3-4E5B-4B8A-8639-6C166331FC62}.Debug|ARM.Build.0 = Debug|ARM
		{F3660AE3-4E5B-4B8A-8639-6C166331FC62}.Debug|ARM.Deploy.0 = Debug|ARM
		{F3660AE3-4E5B-4B8A-8639-6C166331FC62}.Debug|iPhone.ActiveCfg = Debug|x86
		{F3660AE3-4E5B-4B8A-8639-6C166331FC62}.Debug|iPhoneSimulator.ActiveCfg = Debug|x86
		{F3660AE3-4E5B-4B8A-8639-6C166331FC62}.Debug|x64.ActiveCfg = Debug|x64
		{F3660AE3-4E5B-4B8A-8639-6C166331FC62}.Debug|x64.Build.0 = Debug|x64
		{F3660AE3-4E5B-4B8A-8639-6C166331FC62}.Debug|x64.Deploy.0 = Debug|x64
		{F3660AE3-4E5B-4B8A-8639-6C166331FC62}.Debug|x86.ActiveCfg = Debug|x86
		{F3660AE3-4E5B-4B8A-8639-6C166331FC62}.Debug|x86.Build.0 = Debug|x86
		{F3660AE3-4E5B-4B8A-8639-6C166331FC62}.Debug|x86.Deploy.0 = Debug|x86
		{F3660AE3-4E5B-4B8A-8639-6C166331FC62}.Release|Any CPU.ActiveCfg = Release|x86
		{F3660AE3-4E5B-4B8A-8639-6C166331FC62}.Release|ARM.ActiveCfg = Release|ARM
		{F3660AE3-4E5B-4B8A-8639-6C166331FC62}.Release|ARM.Build.0 = Release|ARM
		{F3660AE3-4E5B-4B8A-8639-6C166331FC62}.Release|ARM.Deploy.0 = Release|ARM
		{F3660AE3-4E5B-4B8A-8639-6C166331FC62}.Release|iPhone.ActiveCfg = Release|x86
		{F3660AE3-4E5B-4B8A-8639-6C166331FC62}.Release|iPhoneSimulator.ActiveCfg = Release|x86
		{F3660AE3-4E5B-4B8A-8639-6C166331FC62}.Release|x64.ActiveCfg = Release|x64
		{F3660AE3-4E5B-4B8A-8639-6C166331FC62}.Release|x64.Build.0 = Release|x64
		{F3660AE3-4E5B-4B8A-8639-6C166331FC62}.Release|x64.Deploy.0 = Release|x64
		{F3660AE3-4E5B-4B8A-8639-6C166331FC62}.Release|x86.ActiveCfg = Release|x86
		{F3660AE3-4E5B-4B8A-8639-6C166331FC62}.Release|x86.Build.0 = Release|x86
		{F3660AE3-4E5B-4B8A-8639-6C166331FC62}.Release|x86.Deploy.0 = Release|x86
		{FDC77BF2-42E7-4F42-8A65-B7D4F6D3205C}.Debug|Any CPU.ActiveCfg = Debug|Any CPU
		{FDC77BF2-42E7-4F42-8A65-B7D4F6D3205C}.Debug|Any CPU.Build.0 = Debug|Any CPU
		{FDC77BF2-42E7-4F42-8A65-B7D4F6D3205C}.Debug|Any CPU.Deploy.0 = Debug|Any CPU
		{FDC77BF2-42E7-4F42-8A65-B7D4F6D3205C}.Debug|ARM.ActiveCfg = Debug|Any CPU
		{FDC77BF2-42E7-4F42-8A65-B7D4F6D3205C}.Debug|ARM.Build.0 = Debug|Any CPU
		{FDC77BF2-42E7-4F42-8A65-B7D4F6D3205C}.Debug|ARM.Deploy.0 = Debug|Any CPU
		{FDC77BF2-42E7-4F42-8A65-B7D4F6D3205C}.Debug|iPhone.ActiveCfg = Debug|Any CPU
		{FDC77BF2-42E7-4F42-8A65-B7D4F6D3205C}.Debug|iPhone.Build.0 = Debug|Any CPU
		{FDC77BF2-42E7-4F42-8A65-B7D4F6D3205C}.Debug|iPhone.Deploy.0 = Debug|Any CPU
		{FDC77BF2-42E7-4F42-8A65-B7D4F6D3205C}.Debug|iPhoneSimulator.ActiveCfg = Debug|Any CPU
		{FDC77BF2-42E7-4F42-8A65-B7D4F6D3205C}.Debug|iPhoneSimulator.Build.0 = Debug|Any CPU
		{FDC77BF2-42E7-4F42-8A65-B7D4F6D3205C}.Debug|iPhoneSimulator.Deploy.0 = Debug|Any CPU
		{FDC77BF2-42E7-4F42-8A65-B7D4F6D3205C}.Debug|x64.ActiveCfg = Debug|Any CPU
		{FDC77BF2-42E7-4F42-8A65-B7D4F6D3205C}.Debug|x64.Build.0 = Debug|Any CPU
		{FDC77BF2-42E7-4F42-8A65-B7D4F6D3205C}.Debug|x64.Deploy.0 = Debug|Any CPU
		{FDC77BF2-42E7-4F42-8A65-B7D4F6D3205C}.Debug|x86.ActiveCfg = Debug|Any CPU
		{FDC77BF2-42E7-4F42-8A65-B7D4F6D3205C}.Debug|x86.Build.0 = Debug|Any CPU
		{FDC77BF2-42E7-4F42-8A65-B7D4F6D3205C}.Debug|x86.Deploy.0 = Debug|Any CPU
		{FDC77BF2-42E7-4F42-8A65-B7D4F6D3205C}.Release|Any CPU.ActiveCfg = Release|x64
		{FDC77BF2-42E7-4F42-8A65-B7D4F6D3205C}.Release|Any CPU.Build.0 = Release|x64
		{FDC77BF2-42E7-4F42-8A65-B7D4F6D3205C}.Release|Any CPU.Deploy.0 = Release|x64
		{FDC77BF2-42E7-4F42-8A65-B7D4F6D3205C}.Release|ARM.ActiveCfg = Release|Any CPU
		{FDC77BF2-42E7-4F42-8A65-B7D4F6D3205C}.Release|ARM.Build.0 = Release|Any CPU
		{FDC77BF2-42E7-4F42-8A65-B7D4F6D3205C}.Release|ARM.Deploy.0 = Release|Any CPU
		{FDC77BF2-42E7-4F42-8A65-B7D4F6D3205C}.Release|iPhone.ActiveCfg = Release|Any CPU
		{FDC77BF2-42E7-4F42-8A65-B7D4F6D3205C}.Release|iPhone.Build.0 = Release|Any CPU
		{FDC77BF2-42E7-4F42-8A65-B7D4F6D3205C}.Release|iPhone.Deploy.0 = Release|Any CPU
		{FDC77BF2-42E7-4F42-8A65-B7D4F6D3205C}.Release|iPhoneSimulator.ActiveCfg = Release|Any CPU
		{FDC77BF2-42E7-4F42-8A65-B7D4F6D3205C}.Release|iPhoneSimulator.Build.0 = Release|Any CPU
		{FDC77BF2-42E7-4F42-8A65-B7D4F6D3205C}.Release|iPhoneSimulator.Deploy.0 = Release|Any CPU
		{FDC77BF2-42E7-4F42-8A65-B7D4F6D3205C}.Release|x64.ActiveCfg = Release|Any CPU
		{FDC77BF2-42E7-4F42-8A65-B7D4F6D3205C}.Release|x64.Build.0 = Release|Any CPU
		{FDC77BF2-42E7-4F42-8A65-B7D4F6D3205C}.Release|x64.Deploy.0 = Release|Any CPU
		{FDC77BF2-42E7-4F42-8A65-B7D4F6D3205C}.Release|x86.ActiveCfg = Release|x86
		{FDC77BF2-42E7-4F42-8A65-B7D4F6D3205C}.Release|x86.Build.0 = Release|x86
		{FDC77BF2-42E7-4F42-8A65-B7D4F6D3205C}.Release|x86.Deploy.0 = Release|x86
		{67E8FE42-C6E9-444B-97B7-C656CC8CE094}.Debug|Any CPU.ActiveCfg = Debug|iPhoneSimulator
		{67E8FE42-C6E9-444B-97B7-C656CC8CE094}.Debug|ARM.ActiveCfg = Debug|iPhoneSimulator
		{67E8FE42-C6E9-444B-97B7-C656CC8CE094}.Debug|iPhone.ActiveCfg = Debug|iPhone
		{67E8FE42-C6E9-444B-97B7-C656CC8CE094}.Debug|iPhone.Build.0 = Debug|iPhone
		{67E8FE42-C6E9-444B-97B7-C656CC8CE094}.Debug|iPhoneSimulator.ActiveCfg = Debug|iPhoneSimulator
		{67E8FE42-C6E9-444B-97B7-C656CC8CE094}.Debug|iPhoneSimulator.Build.0 = Debug|iPhoneSimulator
		{67E8FE42-C6E9-444B-97B7-C656CC8CE094}.Debug|x64.ActiveCfg = Debug|iPhoneSimulator
		{67E8FE42-C6E9-444B-97B7-C656CC8CE094}.Debug|x86.ActiveCfg = Debug|iPhoneSimulator
		{67E8FE42-C6E9-444B-97B7-C656CC8CE094}.Release|Any CPU.ActiveCfg = Release|iPhoneSimulator
		{67E8FE42-C6E9-444B-97B7-C656CC8CE094}.Release|ARM.ActiveCfg = Release|iPhoneSimulator
		{67E8FE42-C6E9-444B-97B7-C656CC8CE094}.Release|iPhone.ActiveCfg = Release|iPhone
		{67E8FE42-C6E9-444B-97B7-C656CC8CE094}.Release|iPhone.Build.0 = Release|iPhone
		{67E8FE42-C6E9-444B-97B7-C656CC8CE094}.Release|iPhoneSimulator.ActiveCfg = Release|iPhoneSimulator
		{67E8FE42-C6E9-444B-97B7-C656CC8CE094}.Release|iPhoneSimulator.Build.0 = Release|iPhoneSimulator
		{67E8FE42-C6E9-444B-97B7-C656CC8CE094}.Release|x64.ActiveCfg = Release|iPhoneSimulator
		{67E8FE42-C6E9-444B-97B7-C656CC8CE094}.Release|x86.ActiveCfg = Release|iPhoneSimulator
		{10282584-7ED4-435F-BDC9-EF53D6210E09}.Debug|Any CPU.ActiveCfg = Debug|Any CPU
		{10282584-7ED4-435F-BDC9-EF53D6210E09}.Debug|Any CPU.Build.0 = Debug|Any CPU
		{10282584-7ED4-435F-BDC9-EF53D6210E09}.Debug|ARM.ActiveCfg = Debug|Any CPU
		{10282584-7ED4-435F-BDC9-EF53D6210E09}.Debug|ARM.Build.0 = Debug|Any CPU
		{10282584-7ED4-435F-BDC9-EF53D6210E09}.Debug|iPhone.ActiveCfg = Debug|Any CPU
		{10282584-7ED4-435F-BDC9-EF53D6210E09}.Debug|iPhone.Build.0 = Debug|Any CPU
		{10282584-7ED4-435F-BDC9-EF53D6210E09}.Debug|iPhoneSimulator.ActiveCfg = Debug|Any CPU
		{10282584-7ED4-435F-BDC9-EF53D6210E09}.Debug|iPhoneSimulator.Build.0 = Debug|Any CPU
		{10282584-7ED4-435F-BDC9-EF53D6210E09}.Debug|x64.ActiveCfg = Debug|Any CPU
		{10282584-7ED4-435F-BDC9-EF53D6210E09}.Debug|x64.Build.0 = Debug|Any CPU
		{10282584-7ED4-435F-BDC9-EF53D6210E09}.Debug|x86.ActiveCfg = Debug|Any CPU
		{10282584-7ED4-435F-BDC9-EF53D6210E09}.Debug|x86.Build.0 = Debug|Any CPU
		{10282584-7ED4-435F-BDC9-EF53D6210E09}.Release|Any CPU.ActiveCfg = Release|Any CPU
		{10282584-7ED4-435F-BDC9-EF53D6210E09}.Release|Any CPU.Build.0 = Release|Any CPU
		{10282584-7ED4-435F-BDC9-EF53D6210E09}.Release|ARM.ActiveCfg = Release|Any CPU
		{10282584-7ED4-435F-BDC9-EF53D6210E09}.Release|ARM.Build.0 = Release|Any CPU
		{10282584-7ED4-435F-BDC9-EF53D6210E09}.Release|iPhone.ActiveCfg = Release|Any CPU
		{10282584-7ED4-435F-BDC9-EF53D6210E09}.Release|iPhone.Build.0 = Release|Any CPU
		{10282584-7ED4-435F-BDC9-EF53D6210E09}.Release|iPhoneSimulator.ActiveCfg = Release|Any CPU
		{10282584-7ED4-435F-BDC9-EF53D6210E09}.Release|iPhoneSimulator.Build.0 = Release|Any CPU
		{10282584-7ED4-435F-BDC9-EF53D6210E09}.Release|x64.ActiveCfg = Release|Any CPU
		{10282584-7ED4-435F-BDC9-EF53D6210E09}.Release|x64.Build.0 = Release|Any CPU
		{10282584-7ED4-435F-BDC9-EF53D6210E09}.Release|x86.ActiveCfg = Release|Any CPU
		{10282584-7ED4-435F-BDC9-EF53D6210E09}.Release|x86.Build.0 = Release|Any CPU
	EndGlobalSection
	GlobalSection(SolutionProperties) = preSolution
		HideSolutionNode = FALSE
	EndGlobalSection
	GlobalSection(ExtensibilityGlobals) = postSolution
		SolutionGuid = {075E03D7-B34A-4C0C-AC24-57D6784887A0}
	EndGlobalSection
EndGlobal
